
Microsoft Visual Studio Solution File, Format Version 12.00
Project("{FAE04EC0-301F-11D3-BF4B-00C04F79EFBC}") = "Kadry", "Kadry\Kadry.csproj", "{B15EFA10-E15A-4668-9E95-55A2C41B4CE8}"
EndProject
Project("{FAE04EC0-301F-11D3-BF4B-00C04F79EFBC}") = "TestListy", "TestListy\TestListy.csproj", "{10648347-B312-4793-9A3D-C91518A70457}"
EndProject
Global
	GlobalSection(SolutionConfigurationPlatforms) = preSolution
		Debug|Any CPU = Debug|Any CPU
		Release|Any CPU = Release|Any CPU
	EndGlobalSection
	GlobalSection(ProjectConfigurationPlatforms) = postSolution
		{B15EFA10-E15A-4668-9E95-55A2C41B4CE8}.Debug|Any CPU.ActiveCfg = Debug|Any CPU
		{B15EFA10-E15A-4668-9E95-55A2C41B4CE8}.Debug|Any CPU.Build.0 = Debug|Any CPU
		{B15EFA10-E15A-4668-9E95-55A2C41B4CE8}.Release|Any CPU.ActiveCfg = Release|Any CPU
		{B15EFA10-E15A-4668-9E95-55A2C41B4CE8}.Release|Any CPU.Build.0 = Release|Any CPU
		{10648347-B312-4793-9A3D-C91518A70457}.Debug|Any CPU.ActiveCfg = Debug|Any CPU
		{10648347-B312-4793-9A3D-C91518A70457}.Debug|Any CPU.Build.0 = Debug|Any CPU
		{10648347-B312-4793-9A3D-C91518A70457}.Release|Any CPU.ActiveCfg = Release|Any CPU
		{10648347-B312-4793-9A3D-C91518A70457}.Release|Any CPU.Build.0 = Release|Any CPU
	EndGlobalSection
EndGlobal
