
Microsoft Visual Studio Solution File, Format Version 12.00
Project("{FAE04EC0-301F-11D3-BF4B-00C04F79EFBC}") = "Kadry", "Kadry\Kadry.csproj", "{A8E2B079-AE01-46D2-8F9F-B941E250D434}"
EndProject
Project("{FAE04EC0-301F-11D3-BF4B-00C04F79EFBC}") = "TestListy", "TestListy\TestListy.csproj", "{D41A2527-73A1-4D1B-B401-AD8DEFA8811E}"
EndProject
Project("{FAE04EC0-301F-11D3-BF4B-00C04F79EFBC}") = "Database", "Database\Database.csproj", "{BAD40D1F-CDCF-4F7E-9C20-6ECE3187B964}"
EndProject
Global
	GlobalSection(SolutionConfigurationPlatforms) = preSolution
		Debug|Any CPU = Debug|Any CPU
		Release|Any CPU = Release|Any CPU
	EndGlobalSection
	GlobalSection(ProjectConfigurationPlatforms) = postSolution
		{A8E2B079-AE01-46D2-8F9F-B941E250D434}.Debug|Any CPU.ActiveCfg = Debug|Any CPU
		{A8E2B079-AE01-46D2-8F9F-B941E250D434}.Debug|Any CPU.Build.0 = Debug|Any CPU
		{A8E2B079-AE01-46D2-8F9F-B941E250D434}.Release|Any CPU.ActiveCfg = Release|Any CPU
		{A8E2B079-AE01-46D2-8F9F-B941E250D434}.Release|Any CPU.Build.0 = Release|Any CPU
		{D41A2527-73A1-4D1B-B401-AD8DEFA8811E}.Debug|Any CPU.ActiveCfg = Debug|Any CPU
		{D41A2527-73A1-4D1B-B401-AD8DEFA8811E}.Debug|Any CPU.Build.0 = Debug|Any CPU
		{D41A2527-73A1-4D1B-B401-AD8DEFA8811E}.Release|Any CPU.ActiveCfg = Release|Any CPU
		{D41A2527-73A1-4D1B-B401-AD8DEFA8811E}.Release|Any CPU.Build.0 = Release|Any CPU
		{BAD40D1F-CDCF-4F7E-9C20-6ECE3187B964}.Debug|Any CPU.ActiveCfg = Debug|Any CPU
		{BAD40D1F-CDCF-4F7E-9C20-6ECE3187B964}.Debug|Any CPU.Build.0 = Debug|Any CPU
		{BAD40D1F-CDCF-4F7E-9C20-6ECE3187B964}.Release|Any CPU.ActiveCfg = Release|Any CPU
		{BAD40D1F-CDCF-4F7E-9C20-6ECE3187B964}.Release|Any CPU.Build.0 = Release|Any CPU
	EndGlobalSection
EndGlobal
